
Microsoft Visual Studio Solution File, Format Version 12.00
# Visual Studio Version 17
VisualStudioVersion = 17.13.35931.197 d17.13
MinimumVisualStudioVersion = 10.0.40219.1
Project("{FAE04EC0-301F-11D3-BF4B-00C04F79EFBC}") = "AssetManagementSystem", "AssetManagementSystem\AssetManagementSystem.csproj", "{18771971-9084-45F9-B486-17AD05BCC6EF}"
EndProject
Global
	GlobalSection(SolutionConfigurationPlatforms) = preSolution
		Debug|Any CPU = Debug|Any CPU
		Release|Any CPU = Release|Any CPU
	EndGlobalSection
	GlobalSection(ProjectConfigurationPlatforms) = postSolution
		{18771971-9084-45F9-B486-17AD05BCC6EF}.Debug|Any CPU.ActiveCfg = Debug|Any CPU
		{18771971-9084-45F9-B486-17AD05BCC6EF}.Debug|Any CPU.Build.0 = Debug|Any CPU
		{18771971-9084-45F9-B486-17AD05BCC6EF}.Release|Any CPU.ActiveCfg = Release|Any CPU
		{18771971-9084-45F9-B486-17AD05BCC6EF}.Release|Any CPU.Build.0 = Release|Any CPU
	EndGlobalSection
	GlobalSection(SolutionProperties) = preSolution
		HideSolutionNode = FALSE
	EndGlobalSection
	GlobalSection(ExtensibilityGlobals) = postSolution
		SolutionGuid = {D09B62FC-790E-4594-8A7F-BE74CF0B8312}
	EndGlobalSection
EndGlobal
